# This file is automatically @generated by Cargo.
# It is not intended for manual editing.
version = 3

[[package]]
name = "json-event-parser"
version = "0.2.0"
source = "registry+https://github.com/rust-lang/crates.io-index"
checksum = "f850fafca79ebacd70eab9d80cb75a33aeda38bde8f3dd784c1837cdf0bde631"

[[package]]
name = "streaming-json-extractor"
version = "1.0.0"
dependencies = [
 "json-event-parser",
]
