# This file is automatically @generated by Cargo.
# It is not intended for manual editing.
version = 3

[[package]]
name = "json-event-parser"
version = "0.2.0"
source = "registry+https://github.com/rust-lang/crates.io-index"
checksum = "f850fafca79ebacd70eab9d80cb75a33aeda38bde8f3dd784c1837cdf0bde631"

[[package]]
name = "log"
version = "0.4.22"
source = "registry+https://github.com/rust-lang/crates.io-index"
checksum = "a7a70ba024b9dc04c27ea2f0c0548feb474ec5c54bba33a7f72f873a39d07b24"

[[package]]
name = "streaming-json-extractor"
version = "1.0.0"
dependencies = [
 "json-event-parser",
 "log",
]
